# This file is autogenerated, do not edit; changes may be undone by the next 'dep ensure'.


[[projects]]
  digest = "1:871b7cfa5fe18bfdbd4bf117c166c3cff8d3b61c8afe4e998b5b8ac0c160ca24"
  name = "github.com/alexellis/hmac"
  packages = ["."]
  pruneopts = "UT"
  revision = "d5d71edd7bc74eb6ae4b99eccc6bda738435f43f"
  version = "1.2"

[[projects]]
  digest = "1:deb76da5396c9f641ddea9ca79e31a14bdb09c787cdfda90488768b7539b1fd6"
  name = "github.com/openfaas/faas-provider"
  packages = ["auth"]
  pruneopts = "UT"
  revision = "6a76a052deb12fd94b373c082963d8a8ad44d4d1"
  version = "0.9.0"

[[projects]]
  digest = "1:6973e6b2a0f186410d5a748ff56c4a39bba692794bf97de7c24d324b58030ef4"
  name = "github.com/openfaas/openfaas-cloud"
  packages = ["sdk"]
  pruneopts = "UT"
  revision = "3d25f1c11bbb402f2894e878d8af0f12e37f00bf"
  version = "0.9.0"

[solve-meta]
  analyzer-name = "dep"
  analyzer-version = 1
  input-imports = ["github.com/openfaas/openfaas-cloud/sdk"]
  solver-name = "gps-cdcl"
  solver-version = 1
